
Microsoft Visual Studio Solution File, Format Version 12.00
# Visual Studio Version 17
VisualStudioVersion = 17.9.34622.214
MinimumVisualStudioVersion = 10.0.40219.1
Project("{FAE04EC0-301F-11D3-BF4B-00C04F79EFBC}") = "5", "5.csproj", "{B25ADED9-1B8F-445E-B957-ABDFCE6C0438}"
EndProject
Global
	GlobalSection(SolutionConfigurationPlatforms) = preSolution
		Debug|Any CPU = Debug|Any CPU
		Debug|x86 = Debug|x86
		Release|Any CPU = Release|Any CPU
		Release|x86 = Release|x86
	EndGlobalSection
	GlobalSection(ProjectConfigurationPlatforms) = postSolution
		{B25ADED9-1B8F-445E-B957-ABDFCE6C0438}.Debug|Any CPU.ActiveCfg = Debug|Any CPU
		{B25ADED9-1B8F-445E-B957-ABDFCE6C0438}.Debug|Any CPU.Build.0 = Debug|Any CPU
		{B25ADED9-1B8F-445E-B957-ABDFCE6C0438}.Debug|x86.ActiveCfg = Debug|x86
		{B25ADED9-1B8F-445E-B957-ABDFCE6C0438}.Debug|x86.Build.0 = Debug|x86
		{B25ADED9-1B8F-445E-B957-ABDFCE6C0438}.Release|Any CPU.ActiveCfg = Release|Any CPU
		{B25ADED9-1B8F-445E-B957-ABDFCE6C0438}.Release|Any CPU.Build.0 = Release|Any CPU
		{B25ADED9-1B8F-445E-B957-ABDFCE6C0438}.Release|x86.ActiveCfg = Release|x86
		{B25ADED9-1B8F-445E-B957-ABDFCE6C0438}.Release|x86.Build.0 = Release|x86
	EndGlobalSection
	GlobalSection(SolutionProperties) = preSolution
		HideSolutionNode = FALSE
	EndGlobalSection
	GlobalSection(ExtensibilityGlobals) = postSolution
		SolutionGuid = {8E8EABB3-B173-43D1-9610-26939611F422}
	EndGlobalSection
EndGlobal
