
Microsoft Visual Studio Solution File, Format Version 12.00
# Visual Studio Version 17
VisualStudioVersion = 17.9.34723.18
MinimumVisualStudioVersion = 10.0.40219.1
Project("{FAE04EC0-301F-11D3-BF4B-00C04F79EFBC}") = "OdbiorcaB", "OdbiorcaB.csproj", "{63F17595-0B19-4B8B-BEE2-FE5D0E1F3133}"
EndProject
Global
	GlobalSection(SolutionConfigurationPlatforms) = preSolution
		Debug|Any CPU = Debug|Any CPU
		Release|Any CPU = Release|Any CPU
	EndGlobalSection
	GlobalSection(ProjectConfigurationPlatforms) = postSolution
		{63F17595-0B19-4B8B-BEE2-FE5D0E1F3133}.Debug|Any CPU.ActiveCfg = Debug|Any CPU
		{63F17595-0B19-4B8B-BEE2-FE5D0E1F3133}.Debug|Any CPU.Build.0 = Debug|Any CPU
		{63F17595-0B19-4B8B-BEE2-FE5D0E1F3133}.Release|Any CPU.ActiveCfg = Release|Any CPU
		{63F17595-0B19-4B8B-BEE2-FE5D0E1F3133}.Release|Any CPU.Build.0 = Release|Any CPU
	EndGlobalSection
	GlobalSection(SolutionProperties) = preSolution
		HideSolutionNode = FALSE
	EndGlobalSection
	GlobalSection(ExtensibilityGlobals) = postSolution
		SolutionGuid = {EF7C4834-3D76-4B70-ADC0-A48EE61238E8}
	EndGlobalSection
EndGlobal
