
Microsoft Visual Studio Solution File, Format Version 12.00
# Visual Studio Version 17
VisualStudioVersion = 17.9.34622.214
MinimumVisualStudioVersion = 10.0.40219.1
Project("{FAE04EC0-301F-11D3-BF4B-00C04F79EFBC}") = "2", "2.csproj", "{1F0E1FD9-6ADB-42D7-B37C-764AC46E129E}"
EndProject
Global
	GlobalSection(SolutionConfigurationPlatforms) = preSolution
		Debug|Any CPU = Debug|Any CPU
		Release|Any CPU = Release|Any CPU
	EndGlobalSection
	GlobalSection(ProjectConfigurationPlatforms) = postSolution
		{1F0E1FD9-6ADB-42D7-B37C-764AC46E129E}.Debug|Any CPU.ActiveCfg = Debug|Any CPU
		{1F0E1FD9-6ADB-42D7-B37C-764AC46E129E}.Debug|Any CPU.Build.0 = Debug|Any CPU
		{1F0E1FD9-6ADB-42D7-B37C-764AC46E129E}.Release|Any CPU.ActiveCfg = Release|Any CPU
		{1F0E1FD9-6ADB-42D7-B37C-764AC46E129E}.Release|Any CPU.Build.0 = Release|Any CPU
	EndGlobalSection
	GlobalSection(SolutionProperties) = preSolution
		HideSolutionNode = FALSE
	EndGlobalSection
	GlobalSection(ExtensibilityGlobals) = postSolution
		SolutionGuid = {4F332F89-5430-487C-8A4E-E746CD0111CF}
	EndGlobalSection
EndGlobal
