
Microsoft Visual Studio Solution File, Format Version 12.00
# Visual Studio Version 17
VisualStudioVersion = 17.9.34723.18
MinimumVisualStudioVersion = 10.0.40219.1
Project("{FAE04EC0-301F-11D3-BF4B-00C04F79EFBC}") = "OdbiorcaA", "OdbiorcaA.csproj", "{767C0363-8376-4B82-94B8-74FFAA32ACB2}"
EndProject
Global
	GlobalSection(SolutionConfigurationPlatforms) = preSolution
		Debug|Any CPU = Debug|Any CPU
		Release|Any CPU = Release|Any CPU
	EndGlobalSection
	GlobalSection(ProjectConfigurationPlatforms) = postSolution
		{767C0363-8376-4B82-94B8-74FFAA32ACB2}.Debug|Any CPU.ActiveCfg = Debug|Any CPU
		{767C0363-8376-4B82-94B8-74FFAA32ACB2}.Debug|Any CPU.Build.0 = Debug|Any CPU
		{767C0363-8376-4B82-94B8-74FFAA32ACB2}.Release|Any CPU.ActiveCfg = Release|Any CPU
		{767C0363-8376-4B82-94B8-74FFAA32ACB2}.Release|Any CPU.Build.0 = Release|Any CPU
	EndGlobalSection
	GlobalSection(SolutionProperties) = preSolution
		HideSolutionNode = FALSE
	EndGlobalSection
	GlobalSection(ExtensibilityGlobals) = postSolution
		SolutionGuid = {FDA20EC2-13F1-4ADD-AB1C-11352D392110}
	EndGlobalSection
EndGlobal
