
Microsoft Visual Studio Solution File, Format Version 12.00
# Visual Studio Version 17
VisualStudioVersion = 17.9.34622.214
MinimumVisualStudioVersion = 10.0.40219.1
Project("{8BC9CEB8-8B4A-11D0-8D11-00A0C91BC942}") = "klient2", "klient2.vcxproj", "{BC06A320-5C83-44F2-82BA-86D9DA0B3882}"
EndProject
Global
	GlobalSection(SolutionConfigurationPlatforms) = preSolution
		Debug|x64 = Debug|x64
		Debug|x86 = Debug|x86
		Release|x64 = Release|x64
		Release|x86 = Release|x86
	EndGlobalSection
	GlobalSection(ProjectConfigurationPlatforms) = postSolution
		{BC06A320-5C83-44F2-82BA-86D9DA0B3882}.Debug|x64.ActiveCfg = Debug|x64
		{BC06A320-5C83-44F2-82BA-86D9DA0B3882}.Debug|x64.Build.0 = Debug|x64
		{BC06A320-5C83-44F2-82BA-86D9DA0B3882}.Debug|x86.ActiveCfg = Debug|Win32
		{BC06A320-5C83-44F2-82BA-86D9DA0B3882}.Debug|x86.Build.0 = Debug|Win32
		{BC06A320-5C83-44F2-82BA-86D9DA0B3882}.Release|x64.ActiveCfg = Release|x64
		{BC06A320-5C83-44F2-82BA-86D9DA0B3882}.Release|x64.Build.0 = Release|x64
		{BC06A320-5C83-44F2-82BA-86D9DA0B3882}.Release|x86.ActiveCfg = Release|Win32
		{BC06A320-5C83-44F2-82BA-86D9DA0B3882}.Release|x86.Build.0 = Release|Win32
	EndGlobalSection
	GlobalSection(SolutionProperties) = preSolution
		HideSolutionNode = FALSE
	EndGlobalSection
	GlobalSection(ExtensibilityGlobals) = postSolution
		SolutionGuid = {002ED6C5-3E90-424F-8318-8CE208FE2399}
	EndGlobalSection
EndGlobal
